
Microsoft Visual Studio Solution File, Format Version 12.00
# Visual Studio Version 16
VisualStudioVersion = 16.0.32106.194
MinimumVisualStudioVersion = 10.0.40219.1
Project("{FAE04EC0-301F-11D3-BF4B-00C04F79EFBC}") = "Num_To_Text_Converter", "Num_To_Text_Converter.csproj", "{70C2EAE0-1570-4DFE-B599-CB961FBEF155}"
EndProject
Global
	GlobalSection(SolutionConfigurationPlatforms) = preSolution
		Debug|Any CPU = Debug|Any CPU
		Release|Any CPU = Release|Any CPU
	EndGlobalSection
	GlobalSection(ProjectConfigurationPlatforms) = postSolution
		{70C2EAE0-1570-4DFE-B599-CB961FBEF155}.Debug|Any CPU.ActiveCfg = Debug|Any CPU
		{70C2EAE0-1570-4DFE-B599-CB961FBEF155}.Debug|Any CPU.Build.0 = Debug|Any CPU
		{70C2EAE0-1570-4DFE-B599-CB961FBEF155}.Release|Any CPU.ActiveCfg = Release|Any CPU
		{70C2EAE0-1570-4DFE-B599-CB961FBEF155}.Release|Any CPU.Build.0 = Release|Any CPU
	EndGlobalSection
	GlobalSection(SolutionProperties) = preSolution
		HideSolutionNode = FALSE
	EndGlobalSection
	GlobalSection(ExtensibilityGlobals) = postSolution
		SolutionGuid = {960F9800-6E58-49B8-8828-0DAB2BC68E37}
	EndGlobalSection
EndGlobal
